
Microsoft Visual Studio Solution File, Format Version 12.00
# Visual Studio Version 16
VisualStudioVersion = 16.0.30002.166
MinimumVisualStudioVersion = 10.0.40219.1
Project("{FAE04EC0-301F-11D3-BF4B-00C04F79EFBC}") = "JimmyLinq", "JimmyLinq.csproj", "{D28E6C86-4B6A-48ED-9BE0-12CB1D086480}"
EndProject
Global
	GlobalSection(SolutionConfigurationPlatforms) = preSolution
		Debug|Any CPU = Debug|Any CPU
		Release|Any CPU = Release|Any CPU
	EndGlobalSection
	GlobalSection(ProjectConfigurationPlatforms) = postSolution
		{D28E6C86-4B6A-48ED-9BE0-12CB1D086480}.Debug|Any CPU.ActiveCfg = Debug|Any CPU
		{D28E6C86-4B6A-48ED-9BE0-12CB1D086480}.Debug|Any CPU.Build.0 = Debug|Any CPU
		{D28E6C86-4B6A-48ED-9BE0-12CB1D086480}.Release|Any CPU.ActiveCfg = Release|Any CPU
		{D28E6C86-4B6A-48ED-9BE0-12CB1D086480}.Release|Any CPU.Build.0 = Release|Any CPU
	EndGlobalSection
	GlobalSection(SolutionProperties) = preSolution
		HideSolutionNode = FALSE
	EndGlobalSection
	GlobalSection(ExtensibilityGlobals) = postSolution
		SolutionGuid = {8810D1BF-5738-4DF7-931F-9CCAABBCF058}
	EndGlobalSection
EndGlobal
